
Microsoft Visual Studio Solution File, Format Version 12.00
# Visual Studio Version 16
VisualStudioVersion = 16.0.31702.278
MinimumVisualStudioVersion = 10.0.40219.1
Project("{FAE04EC0-301F-11D3-BF4B-00C04F79EFBC}") = "cou_work", "cou_work\cou_work.csproj", "{71E66C26-ECAC-4DBD-905E-FD37DDB0AA17}"
EndProject
Global
	GlobalSection(SolutionConfigurationPlatforms) = preSolution
		Debug|Any CPU = Debug|Any CPU
		Release|Any CPU = Release|Any CPU
	EndGlobalSection
	GlobalSection(ProjectConfigurationPlatforms) = postSolution
		{71E66C26-ECAC-4DBD-905E-FD37DDB0AA17}.Debug|Any CPU.ActiveCfg = Debug|Any CPU
		{71E66C26-ECAC-4DBD-905E-FD37DDB0AA17}.Debug|Any CPU.Build.0 = Debug|Any CPU
		{71E66C26-ECAC-4DBD-905E-FD37DDB0AA17}.Release|Any CPU.ActiveCfg = Release|Any CPU
		{71E66C26-ECAC-4DBD-905E-FD37DDB0AA17}.Release|Any CPU.Build.0 = Release|Any CPU
	EndGlobalSection
	GlobalSection(SolutionProperties) = preSolution
		HideSolutionNode = FALSE
	EndGlobalSection
	GlobalSection(ExtensibilityGlobals) = postSolution
		SolutionGuid = {4EC8EEB8-5211-47A8-8B5F-3D016A01A768}
	EndGlobalSection
EndGlobal
